schema: '2.0'
stages:
  train:
    cmd: python .\train.py
    deps:
    - path: .\Datos.xlsx
      md5: eda19f66b821ddd5a0d7ae0e8d42d175
      size: 170075
    - path: .\train.py
      md5: dc85481c84d8fc2ec1a46340c78f08fd
      size: 1857
    outs:
    - path: redP2
      md5: 23b0e1d23931ad95b78893d42021f37a.dir
      size: 6917378
      nfiles: 4
    - path: std_scaler.bin
      md5: 432e9ec9b3215c6b747e09a419132de2
      size: 403
