schema: '2.0'
stages:
  train:
    cmd: python .\train.py
    deps:
    - path: .\Datos.xlsx
      md5: eda19f66b821ddd5a0d7ae0e8d42d175
      size: 170075
    - path: .\train.py
      md5: 26294eec2b39b83bec5ee2b1075b9dcb
      size: 1857
    outs:
    - path: redP2
      md5: 4d9d1ec69a698a0326c918564a0384b3.dir
      size: 6915854
      nfiles: 4
    - path: std_scaler.bin
      md5: 432e9ec9b3215c6b747e09a419132de2
      size: 403
